// !$*UTF8*$!
{
	archiveVersion = 1;
	classes = {
	};
	objectVersion = 48;
	objects = {

/* Begin PBXBuildFile section */
		826FED772365A1C28D7D5305 /* Pods_PasswordlessLoginExample.framework in Frameworks */ = {isa = PBXBuildFile; fileRef = FD6675B02D4D71027E6B8F44 /* Pods_PasswordlessLoginExample.framework */; };
		C64EFD451F979DA0003649EE /* AppDelegate.swift in Sources */ = {isa = PBXBuildFile; fileRef = C64EFD441F979DA0003649EE /* AppDelegate.swift */; };
		C64EFD471F979DA0003649EE /* ViewController.swift in Sources */ = {isa = PBXBuildFile; fileRef = C64EFD461F979DA0003649EE /* ViewController.swift */; };
		C64EFD4A1F979DA0003649EE /* Main.storyboard in Resources */ = {isa = PBXBuildFile; fileRef = C64EFD481F979DA0003649EE /* Main.storyboard */; };
		C64EFD4D1F979DA0003649EE /* PasswordlessLoginExample.xcdatamodeld in Sources */ = {isa = PBXBuildFile; fileRef = C64EFD4B1F979DA0003649EE /* PasswordlessLoginExample.xcdatamodeld */; };
		C64EFD4F1F979DA0003649EE /* Assets.xcassets in Resources */ = {isa = PBXBuildFile; fileRef = C64EFD4E1F979DA0003649EE /* Assets.xcassets */; };
		C64EFD521F979DA0003649EE /* LaunchScreen.storyboard in Resources */ = {isa = PBXBuildFile; fileRef = C64EFD501F979DA0003649EE /* LaunchScreen.storyboard */; };
		C64EFD5D1F979DA0003649EE /* PasswordlessLoginExampleTests.swift in Sources */ = {isa = PBXBuildFile; fileRef = C64EFD5C1F979DA0003649EE /* PasswordlessLoginExampleTests.swift */; };
		C64EFD681F979DA0003649EE /* PasswordlessLoginExampleUITests.swift in Sources */ = {isa = PBXBuildFile; fileRef = C64EFD671F979DA0003649EE /* PasswordlessLoginExampleUITests.swift */; };
		C64EFD761F979EFC003649EE /* Podfile in Resources */ = {isa = PBXBuildFile; fileRef = C64EFD751F979EFC003649EE /* Podfile */; };
		C64EFD771F979EFC003649EE /* Podfile in Resources */ = {isa = PBXBuildFile; fileRef = C64EFD751F979EFC003649EE /* Podfile */; };
		C64EFD781F979EFC003649EE /* Podfile in Resources */ = {isa = PBXBuildFile; fileRef = C64EFD751F979EFC003649EE /* Podfile */; };
/* End PBXBuildFile section */

/* Begin PBXContainerItemProxy section */
		C64EFD591F979DA0003649EE /* PBXContainerItemProxy */ = {
			isa = PBXContainerItemProxy;
			containerPortal = C64EFD391F979DA0003649EE /* Project object */;
			proxyType = 1;
			remoteGlobalIDString = C64EFD401F979DA0003649EE;
			remoteInfo = PasswordlessLoginExample;
		};
		C64EFD641F979DA0003649EE /* PBXContainerItemProxy */ = {
			isa = PBXContainerItemProxy;
			containerPortal = C64EFD391F979DA0003649EE /* Project object */;
			proxyType = 1;
			remoteGlobalIDString = C64EFD401F979DA0003649EE;
			remoteInfo = PasswordlessLoginExample;
		};
/* End PBXContainerItemProxy section */

/* Begin PBXFileReference section */
		956063B0B4383F077C68F64D /* Pods-PasswordlessLoginExample.release.xcconfig */ = {isa = PBXFileReference; includeInIndex = 1; lastKnownFileType = text.xcconfig; name = "Pods-PasswordlessLoginExample.release.xcconfig"; path = "Pods/Target Support Files/Pods-PasswordlessLoginExample/Pods-PasswordlessLoginExample.release.xcconfig"; sourceTree = "<group>"; };
		ADA74BC4989B284FD4C5C375 /* Pods-PasswordlessLoginExample.debug.xcconfig */ = {isa = PBXFileReference; includeInIndex = 1; lastKnownFileType = text.xcconfig; name = "Pods-PasswordlessLoginExample.debug.xcconfig"; path = "Pods/Target Support Files/Pods-PasswordlessLoginExample/Pods-PasswordlessLoginExample.debug.xcconfig"; sourceTree = "<group>"; };
		C64EFD411F979DA0003649EE /* PasswordlessLoginExample.app */ = {isa = PBXFileReference; explicitFileType = wrapper.application; includeInIndex = 0; path = PasswordlessLoginExample.app; sourceTree = BUILT_PRODUCTS_DIR; };
		C64EFD441F979DA0003649EE /* AppDelegate.swift */ = {isa = PBXFileReference; lastKnownFileType = sourcecode.swift; path = AppDelegate.swift; sourceTree = "<group>"; };
		C64EFD461F979DA0003649EE /* ViewController.swift */ = {isa = PBXFileReference; lastKnownFileType = sourcecode.swift; path = ViewController.swift; sourceTree = "<group>"; };
		C64EFD491F979DA0003649EE /* Base */ = {isa = PBXFileReference; lastKnownFileType = file.storyboard; name = Base; path = Base.lproj/Main.storyboard; sourceTree = "<group>"; };
		C64EFD4C1F979DA0003649EE /* PasswordlessLoginExample.xcdatamodel */ = {isa = PBXFileReference; lastKnownFileType = wrapper.xcdatamodel; path = PasswordlessLoginExample.xcdatamodel; sourceTree = "<group>"; };
		C64EFD4E1F979DA0003649EE /* Assets.xcassets */ = {isa = PBXFileReference; lastKnownFileType = folder.assetcatalog; path = Assets.xcassets; sourceTree = "<group>"; };
		C64EFD511F979DA0003649EE /* Base */ = {isa = PBXFileReference; lastKnownFileType = file.storyboard; name = Base; path = Base.lproj/LaunchScreen.storyboard; sourceTree = "<group>"; };
		C64EFD531F979DA0003649EE /* Info.plist */ = {isa = PBXFileReference; lastKnownFileType = text.plist.xml; path = Info.plist; sourceTree = "<group>"; };
		C64EFD581F979DA0003649EE /* PasswordlessLoginExampleTests.xctest */ = {isa = PBXFileReference; explicitFileType = wrapper.cfbundle; includeInIndex = 0; path = PasswordlessLoginExampleTests.xctest; sourceTree = BUILT_PRODUCTS_DIR; };
		C64EFD5C1F979DA0003649EE /* PasswordlessLoginExampleTests.swift */ = {isa = PBXFileReference; lastKnownFileType = sourcecode.swift; path = PasswordlessLoginExampleTests.swift; sourceTree = "<group>"; };
		C64EFD5E1F979DA0003649EE /* Info.plist */ = {isa = PBXFileReference; lastKnownFileType = text.plist.xml; path = Info.plist; sourceTree = "<group>"; };
		C64EFD631F979DA0003649EE /* PasswordlessLoginExampleUITests.xctest */ = {isa = PBXFileReference; explicitFileType = wrapper.cfbundle; includeInIndex = 0; path = PasswordlessLoginExampleUITests.xctest; sourceTree = BUILT_PRODUCTS_DIR; };
		C64EFD671F979DA0003649EE /* PasswordlessLoginExampleUITests.swift */ = {isa = PBXFileReference; lastKnownFileType = sourcecode.swift; path = PasswordlessLoginExampleUITests.swift; sourceTree = "<group>"; };
		C64EFD691F979DA0003649EE /* Info.plist */ = {isa = PBXFileReference; lastKnownFileType = text.plist.xml; path = Info.plist; sourceTree = "<group>"; };
		C64EFD751F979EFC003649EE /* Podfile */ = {isa = PBXFileReference; lastKnownFileType = text; path = Podfile; sourceTree = "<group>"; };
		FD6675B02D4D71027E6B8F44 /* Pods_PasswordlessLoginExample.framework */ = {isa = PBXFileReference; explicitFileType = wrapper.framework; includeInIndex = 0; path = Pods_PasswordlessLoginExample.framework; sourceTree = BUILT_PRODUCTS_DIR; };
/* End PBXFileReference section */

/* Begin PBXFrameworksBuildPhase section */
		C64EFD3E1F979DA0003649EE /* Frameworks */ = {
			isa = PBXFrameworksBuildPhase;
			buildActionMask = 2147483647;
			files = (
				826FED772365A1C28D7D5305 /* Pods_PasswordlessLoginExample.framework in Frameworks */,
			);
			runOnlyForDeploymentPostprocessing = 0;
		};
		C64EFD551F979DA0003649EE /* Frameworks */ = {
			isa = PBXFrameworksBuildPhase;
			buildActionMask = 2147483647;
			files = (
			);
			runOnlyForDeploymentPostprocessing = 0;
		};
		C64EFD601F979DA0003649EE /* Frameworks */ = {
			isa = PBXFrameworksBuildPhase;
			buildActionMask = 2147483647;
			files = (
			);
			runOnlyForDeploymentPostprocessing = 0;
		};
/* End PBXFrameworksBuildPhase section */

/* Begin PBXGroup section */
		75FF8968F17E4CA9308E2881 /* Pods */ = {
			isa = PBXGroup;
			children = (
				ADA74BC4989B284FD4C5C375 /* Pods-PasswordlessLoginExample.debug.xcconfig */,
				956063B0B4383F077C68F64D /* Pods-PasswordlessLoginExample.release.xcconfig */,
			);
			name = Pods;
			sourceTree = "<group>";
		};
		7A513B1FC259F1A949DDDF97 /* Frameworks */ = {
			isa = PBXGroup;
			children = (
				FD6675B02D4D71027E6B8F44 /* Pods_PasswordlessLoginExample.framework */,
			);
			name = Frameworks;
			sourceTree = "<group>";
		};
		C64EFD381F979DA0003649EE = {
			isa = PBXGroup;
			children = (
				C64EFD751F979EFC003649EE /* Podfile */,
				C64EFD431F979DA0003649EE /* PasswordlessLoginExample */,
				C64EFD5B1F979DA0003649EE /* PasswordlessLoginExampleTests */,
				C64EFD661F979DA0003649EE /* PasswordlessLoginExampleUITests */,
				C64EFD421F979DA0003649EE /* Products */,
				75FF8968F17E4CA9308E2881 /* Pods */,
				7A513B1FC259F1A949DDDF97 /* Frameworks */,
			);
			sourceTree = "<group>";
		};
		C64EFD421F979DA0003649EE /* Products */ = {
			isa = PBXGroup;
			children = (
				C64EFD411F979DA0003649EE /* PasswordlessLoginExample.app */,
				C64EFD581F979DA0003649EE /* PasswordlessLoginExampleTests.xctest */,
				C64EFD631F979DA0003649EE /* PasswordlessLoginExampleUITests.xctest */,
			);
			name = Products;
			sourceTree = "<group>";
		};
		C64EFD431F979DA0003649EE /* PasswordlessLoginExample */ = {
			isa = PBXGroup;
			children = (
				C64EFD441F979DA0003649EE /* AppDelegate.swift */,
				C64EFD461F979DA0003649EE /* ViewController.swift */,
				C64EFD481F979DA0003649EE /* Main.storyboard */,
				C64EFD4E1F979DA0003649EE /* Assets.xcassets */,
				C64EFD501F979DA0003649EE /* LaunchScreen.storyboard */,
				C64EFD531F979DA0003649EE /* Info.plist */,
				C64EFD4B1F979DA0003649EE /* PasswordlessLoginExample.xcdatamodeld */,
			);
			path = PasswordlessLoginExample;
			sourceTree = "<group>";
		};
		C64EFD5B1F979DA0003649EE /* PasswordlessLoginExampleTests */ = {
			isa = PBXGroup;
			children = (
				C64EFD5C1F979DA0003649EE /* PasswordlessLoginExampleTests.swift */,
				C64EFD5E1F979DA0003649EE /* Info.plist */,
			);
			path = PasswordlessLoginExampleTests;
			sourceTree = "<group>";
		};
		C64EFD661F979DA0003649EE /* PasswordlessLoginExampleUITests */ = {
			isa = PBXGroup;
			children = (
				C64EFD671F979DA0003649EE /* PasswordlessLoginExampleUITests.swift */,
				C64EFD691F979DA0003649EE /* Info.plist */,
			);
			path = PasswordlessLoginExampleUITests;
			sourceTree = "<group>";
		};
/* End PBXGroup section */

/* Begin PBXNativeTarget section */
		C64EFD401F979DA0003649EE /* PasswordlessLoginExample */ = {
			isa = PBXNativeTarget;
			buildConfigurationList = C64EFD6C1F979DA0003649EE /* Build configuration list for PBXNativeTarget "PasswordlessLoginExample" */;
			buildPhases = (
				53D530F3F028FF32E900A40F /* [CP] Check Pods Manifest.lock */,
				C64EFD3D1F979DA0003649EE /* Sources */,
				C64EFD3E1F979DA0003649EE /* Frameworks */,
				C64EFD3F1F979DA0003649EE /* Resources */,
				1FDA71AA93D3439D0D6DFC15 /* [CP] Embed Pods Frameworks */,
				E105A6B222B85B5B301C6F42 /* [CP] Copy Pods Resources */,
			);
			buildRules = (
			);
			dependencies = (
			);
			name = PasswordlessLoginExample;
			productName = PasswordlessLoginExample;
			productReference = C64EFD411F979DA0003649EE /* PasswordlessLoginExample.app */;
			productType = "com.apple.product-type.application";
		};
		C64EFD571F979DA0003649EE /* PasswordlessLoginExampleTests */ = {
			isa = PBXNativeTarget;
			buildConfigurationList = C64EFD6F1F979DA0003649EE /* Build configuration list for PBXNativeTarget "PasswordlessLoginExampleTests" */;
			buildPhases = (
				C64EFD541F979DA0003649EE /* Sources */,
				C64EFD551F979DA0003649EE /* Frameworks */,
				C64EFD561F979DA0003649EE /* Resources */,
			);
			buildRules = (
			);
			dependencies = (
				C64EFD5A1F979DA0003649EE /* PBXTargetDependency */,
			);
			name = PasswordlessLoginExampleTests;
			productName = PasswordlessLoginExampleTests;
			productReference = C64EFD581F979DA0003649EE /* PasswordlessLoginExampleTests.xctest */;
			productType = "com.apple.product-type.bundle.unit-test";
		};
		C64EFD621F979DA0003649EE /* PasswordlessLoginExampleUITests */ = {
			isa = PBXNativeTarget;
			buildConfigurationList = C64EFD721F979DA0003649EE /* Build configuration list for PBXNativeTarget "PasswordlessLoginExampleUITests" */;
			buildPhases = (
				C64EFD5F1F979DA0003649EE /* Sources */,
				C64EFD601F979DA0003649EE /* Frameworks */,
				C64EFD611F979DA0003649EE /* Resources */,
			);
			buildRules = (
			);
			dependencies = (
				C64EFD651F979DA0003649EE /* PBXTargetDependency */,
			);
			name = PasswordlessLoginExampleUITests;
			productName = PasswordlessLoginExampleUITests;
			productReference = C64EFD631F979DA0003649EE /* PasswordlessLoginExampleUITests.xctest */;
			productType = "com.apple.product-type.bundle.ui-testing";
		};
/* End PBXNativeTarget section */

/* Begin PBXProject section */
		C64EFD391F979DA0003649EE /* Project object */ = {
			isa = PBXProject;
			attributes = {
				LastSwiftUpdateCheck = 0900;
				LastUpgradeCheck = 0900;
				ORGANIZATIONNAME = "Sean Goldsborough";
				TargetAttributes = {
					C64EFD401F979DA0003649EE = {
						CreatedOnToolsVersion = 9.0;
						ProvisioningStyle = Automatic;
					};
					C64EFD571F979DA0003649EE = {
						CreatedOnToolsVersion = 9.0;
						ProvisioningStyle = Automatic;
						TestTargetID = C64EFD401F979DA0003649EE;
					};
					C64EFD621F979DA0003649EE = {
						CreatedOnToolsVersion = 9.0;
						ProvisioningStyle = Automatic;
						TestTargetID = C64EFD401F979DA0003649EE;
					};
				};
			};
			buildConfigurationList = C64EFD3C1F979DA0003649EE /* Build configuration list for PBXProject "PasswordlessLoginExample" */;
			compatibilityVersion = "Xcode 8.0";
			developmentRegion = en;
			hasScannedForEncodings = 0;
			knownRegions = (
				en,
				Base,
			);
			mainGroup = C64EFD381F979DA0003649EE;
			productRefGroup = C64EFD421F979DA0003649EE /* Products */;
			projectDirPath = "";
			projectRoot = "";
			targets = (
				C64EFD401F979DA0003649EE /* PasswordlessLoginExample */,
				C64EFD571F979DA0003649EE /* PasswordlessLoginExampleTests */,
				C64EFD621F979DA0003649EE /* PasswordlessLoginExampleUITests */,
			);
		};
/* End PBXProject section */

/* Begin PBXResourcesBuildPhase section */
		C64EFD3F1F979DA0003649EE /* Resources */ = {
			isa = PBXResourcesBuildPhase;
			buildActionMask = 2147483647;
			files = (
				C64EFD521F979DA0003649EE /* LaunchScreen.storyboard in Resources */,
				C64EFD4F1F979DA0003649EE /* Assets.xcassets in Resources */,
				C64EFD761F979EFC003649EE /* Podfile in Resources */,
				C64EFD4A1F979DA0003649EE /* Main.storyboard in Resources */,
			);
			runOnlyForDeploymentPostprocessing = 0;
		};
		C64EFD561F979DA0003649EE /* Resources */ = {
			isa = PBXResourcesBuildPhase;
			buildActionMask = 2147483647;
			files = (
				C64EFD771F979EFC003649EE /* Podfile in Resources */,
			);
			runOnlyForDeploymentPostprocessing = 0;
		};
		C64EFD611F979DA0003649EE /* Resources */ = {
			isa = PBXResourcesBuildPhase;
			buildActionMask = 2147483647;
			files = (
				C64EFD781F979EFC003649EE /* Podfile in Resources */,
			);
			runOnlyForDeploymentPostprocessing = 0;
		};
/* End PBXResourcesBuildPhase section */

/* Begin PBXShellScriptBuildPhase section */
		1FDA71AA93D3439D0D6DFC15 /* [CP] Embed Pods Frameworks */ = {
			isa = PBXShellScriptBuildPhase;
			buildActionMask = 2147483647;
			files = (
			);
			inputPaths = (
				"${SRCROOT}/Pods/Target Support Files/Pods-PasswordlessLoginExample/Pods-PasswordlessLoginExample-frameworks.sh",
				"${BUILT_PRODUCTS_DIR}/Bolts/Bolts.framework",
				"${BUILT_PRODUCTS_DIR}/FBSDKCoreKit/FBSDKCoreKit.framework",
				"${BUILT_PRODUCTS_DIR}/FBSDKLoginKit/FBSDKLoginKit.framework",
				"${BUILT_PRODUCTS_DIR}/FBSDKShareKit/FBSDKShareKit.framework",
				"${BUILT_PRODUCTS_DIR}/FacebookCore/FacebookCore.framework",
				"${BUILT_PRODUCTS_DIR}/FacebookLogin/FacebookLogin.framework",
				"${BUILT_PRODUCTS_DIR}/FacebookShare/FacebookShare.framework",
			);
			name = "[CP] Embed Pods Frameworks";
			outputPaths = (
				"${TARGET_BUILD_DIR}/${FRAMEWORKS_FOLDER_PATH}/Bolts.framework",
				"${TARGET_BUILD_DIR}/${FRAMEWORKS_FOLDER_PATH}/FBSDKCoreKit.framework",
				"${TARGET_BUILD_DIR}/${FRAMEWORKS_FOLDER_PATH}/FBSDKLoginKit.framework",
				"${TARGET_BUILD_DIR}/${FRAMEWORKS_FOLDER_PATH}/FBSDKShareKit.framework",
				"${TARGET_BUILD_DIR}/${FRAMEWORKS_FOLDER_PATH}/FacebookCore.framework",
				"${TARGET_BUILD_DIR}/${FRAMEWORKS_FOLDER_PATH}/FacebookLogin.framework",
				"${TARGET_BUILD_DIR}/${FRAMEWORKS_FOLDER_PATH}/FacebookShare.framework",
			);
			runOnlyForDeploymentPostprocessing = 0;
			shellPath = /bin/sh;
			shellScript = "\"${SRCROOT}/Pods/Target Support Files/Pods-PasswordlessLoginExample/Pods-PasswordlessLoginExample-frameworks.sh\"\n";
			showEnvVarsInLog = 0;
		};
		53D530F3F028FF32E900A40F /* [CP] Check Pods Manifest.lock */ = {
			isa = PBXShellScriptBuildPhase;
			buildActionMask = 2147483647;
			files = (
			);
			inputPaths = (
				"${PODS_PODFILE_DIR_PATH}/Podfile.lock",
				"${PODS_ROOT}/Manifest.lock",
			);
			name = "[CP] Check Pods Manifest.lock";
			outputPaths = (
				"$(DERIVED_FILE_DIR)/Pods-PasswordlessLoginExample-checkManifestLockResult.txt",
			);
			runOnlyForDeploymentPostprocessing = 0;
			shellPath = /bin/sh;
			shellScript = "diff \"${PODS_PODFILE_DIR_PATH}/Podfile.lock\" \"${PODS_ROOT}/Manifest.lock\" > /dev/null\nif [ $? != 0 ] ; then\n    # print error to STDERR\n    echo \"error: The sandbox is not in sync with the Podfile.lock. Run 'pod install' or update your CocoaPods installation.\" >&2\n    exit 1\nfi\n# This output is used by Xcode 'outputs' to avoid re-running this script phase.\necho \"SUCCESS\" > \"${SCRIPT_OUTPUT_FILE_0}\"\n";
			showEnvVarsInLog = 0;
		};
		E105A6B222B85B5B301C6F42 /* [CP] Copy Pods Resources */ = {
			isa = PBXShellScriptBuildPhase;
			buildActionMask = 2147483647;
			files = (
			);
			inputPaths = (
			);
			name = "[CP] Copy Pods Resources";
			outputPaths = (
			);
			runOnlyForDeploymentPostprocessing = 0;
			shellPath = /bin/sh;
			shellScript = "\"${SRCROOT}/Pods/Target Support Files/Pods-PasswordlessLoginExample/Pods-PasswordlessLoginExample-resources.sh\"\n";
			showEnvVarsInLog = 0;
		};
/* End PBXShellScriptBuildPhase section */

/* Begin PBXSourcesBuildPhase section */
		C64EFD3D1F979DA0003649EE /* Sources */ = {
			isa = PBXSourcesBuildPhase;
			buildActionMask = 2147483647;
			files = (
				C64EFD4D1F979DA0003649EE /* PasswordlessLoginExample.xcdatamodeld in Sources */,
				C64EFD471F979DA0003649EE /* ViewController.swift in Sources */,
				C64EFD451F979DA0003649EE /* AppDelegate.swift in Sources */,
			);
			runOnlyForDeploymentPostprocessing = 0;
		};
		C64EFD541F979DA0003649EE /* Sources */ = {
			isa = PBXSourcesBuildPhase;
			buildActionMask = 2147483647;
			files = (
				C64EFD5D1F979DA0003649EE /* PasswordlessLoginExampleTests.swift in Sources */,
			);
			runOnlyForDeploymentPostprocessing = 0;
		};
		C64EFD5F1F979DA0003649EE /* Sources */ = {
			isa = PBXSourcesBuildPhase;
			buildActionMask = 2147483647;
			files = (
				C64EFD681F979DA0003649EE /* PasswordlessLoginExampleUITests.swift in Sources */,
			);
			runOnlyForDeploymentPostprocessing = 0;
		};
/* End PBXSourcesBuildPhase section */

/* Begin PBXTargetDependency section */
		C64EFD5A1F979DA0003649EE /* PBXTargetDependency */ = {
			isa = PBXTargetDependency;
			target = C64EFD401F979DA0003649EE /* PasswordlessLoginExample */;
			targetProxy = C64EFD591F979DA0003649EE /* PBXContainerItemProxy */;
		};
		C64EFD651F979DA0003649EE /* PBXTargetDependency */ = {
			isa = PBXTargetDependency;
			target = C64EFD401F979DA0003649EE /* PasswordlessLoginExample */;
			targetProxy = C64EFD641F979DA0003649EE /* PBXContainerItemProxy */;
		};
/* End PBXTargetDependency section */

/* Begin PBXVariantGroup section */
		C64EFD481F979DA0003649EE /* Main.storyboard */ = {
			isa = PBXVariantGroup;
			children = (
				C64EFD491F979DA0003649EE /* Base */,
			);
			name = Main.storyboard;
			sourceTree = "<group>";
		};
		C64EFD501F979DA0003649EE /* LaunchScreen.storyboard */ = {
			isa = PBXVariantGroup;
			children = (
				C64EFD511F979DA0003649EE /* Base */,
			);
			name = LaunchScreen.storyboard;
			sourceTree = "<group>";
		};
/* End PBXVariantGroup section */

/* Begin XCBuildConfiguration section */
		C64EFD6A1F979DA0003649EE /* Debug */ = {
			isa = XCBuildConfiguration;
			buildSettings = {
				ALWAYS_SEARCH_USER_PATHS = NO;
				CLANG_ANALYZER_NONNULL = YES;
				CLANG_ANALYZER_NUMBER_OBJECT_CONVERSION = YES_AGGRESSIVE;
				CLANG_CXX_LANGUAGE_STANDARD = "gnu++14";
				CLANG_CXX_LIBRARY = "libc++";
				CLANG_ENABLE_MODULES = YES;
				CLANG_ENABLE_OBJC_ARC = YES;
				CLANG_WARN_BLOCK_CAPTURE_AUTORELEASING = YES;
				CLANG_WARN_BOOL_CONVERSION = YES;
				CLANG_WARN_COMMA = YES;
				CLANG_WARN_CONSTANT_CONVERSION = YES;
				CLANG_WARN_DIRECT_OBJC_ISA_USAGE = YES_ERROR;
				CLANG_WARN_DOCUMENTATION_COMMENTS = YES;
				CLANG_WARN_EMPTY_BODY = YES;
				CLANG_WARN_ENUM_CONVERSION = YES;
				CLANG_WARN_INFINITE_RECURSION = YES;
				CLANG_WARN_INT_CONVERSION = YES;
				CLANG_WARN_NON_LITERAL_NULL_CONVERSION = YES;
				CLANG_WARN_OBJC_LITERAL_CONVERSION = YES;
				CLANG_WARN_OBJC_ROOT_CLASS = YES_ERROR;
				CLANG_WARN_RANGE_LOOP_ANALYSIS = YES;
				CLANG_WARN_STRICT_PROTOTYPES = YES;
				CLANG_WARN_SUSPICIOUS_MOVE = YES;
				CLANG_WARN_UNGUARDED_AVAILABILITY = YES_AGGRESSIVE;
				CLANG_WARN_UNREACHABLE_CODE = YES;
				CLANG_WARN__DUPLICATE_METHOD_MATCH = YES;
				CODE_SIGN_IDENTITY = "iPhone Developer";
				COPY_PHASE_STRIP = NO;
				DEBUG_INFORMATION_FORMAT = dwarf;
				ENABLE_STRICT_OBJC_MSGSEND = YES;
				ENABLE_TESTABILITY = YES;
				GCC_C_LANGUAGE_STANDARD = gnu11;
				GCC_DYNAMIC_NO_PIC = NO;
				GCC_NO_COMMON_BLOCKS = YES;
				GCC_OPTIMIZATION_LEVEL = 0;
				GCC_PREPROCESSOR_DEFINITIONS = (
					"DEBUG=1",
					"$(inherited)",
				);
				GCC_WARN_64_TO_32_BIT_CONVERSION = YES;
				GCC_WARN_ABOUT_RETURN_TYPE = YES_ERROR;
				GCC_WARN_UNDECLARED_SELECTOR = YES;
				GCC_WARN_UNINITIALIZED_AUTOS = YES_AGGRESSIVE;
				GCC_WARN_UNUSED_FUNCTION = YES;
				GCC_WARN_UNUSED_VARIABLE = YES;
				IPHONEOS_DEPLOYMENT_TARGET = 11.0;
				MTL_ENABLE_DEBUG_INFO = YES;
				ONLY_ACTIVE_ARCH = YES;
				SDKROOT = iphoneos;
				SWIFT_ACTIVE_COMPILATION_CONDITIONS = DEBUG;
				SWIFT_OPTIMIZATION_LEVEL = "-Onone";
			};
			name = Debug;
		};
		C64EFD6B1F979DA0003649EE /* Release */ = {
			isa = XCBuildConfiguration;
			buildSettings = {
				ALWAYS_SEARCH_USER_PATHS = NO;
				CLANG_ANALYZER_NONNULL = YES;
				CLANG_ANALYZER_NUMBER_OBJECT_CONVERSION = YES_AGGRESSIVE;
				CLANG_CXX_LANGUAGE_STANDARD = "gnu++14";
				CLANG_CXX_LIBRARY = "libc++";
				CLANG_ENABLE_MODULES = YES;
				CLANG_ENABLE_OBJC_ARC = YES;
				CLANG_WARN_BLOCK_CAPTURE_AUTORELEASING = YES;
				CLANG_WARN_BOOL_CONVERSION = YES;
				CLANG_WARN_COMMA = YES;
				CLANG_WARN_CONSTANT_CONVERSION = YES;
				CLANG_WARN_DIRECT_OBJC_ISA_USAGE = YES_ERROR;
				CLANG_WARN_DOCUMENTATION_COMMENTS = YES;
				CLANG_WARN_EMPTY_BODY = YES;
				CLANG_WARN_ENUM_CONVERSION = YES;
				CLANG_WARN_INFINITE_RECURSION = YES;
				CLANG_WARN_INT_CONVERSION = YES;
				CLANG_WARN_NON_LITERAL_NULL_CONVERSION = YES;
				CLANG_WARN_OBJC_LITERAL_CONVERSION = YES;
				CLANG_WARN_OBJC_ROOT_CLASS = YES_ERROR;
				CLANG_WARN_RANGE_LOOP_ANALYSIS = YES;
				CLANG_WARN_STRICT_PROTOTYPES = YES;
				CLANG_WARN_SUSPICIOUS_MOVE = YES;
				CLANG_WARN_UNGUARDED_AVAILABILITY = YES_AGGRESSIVE;
				CLANG_WARN_UNREACHABLE_CODE = YES;
				CLANG_WARN__DUPLICATE_METHOD_MATCH = YES;
				CODE_SIGN_IDENTITY = "iPhone Developer";
				COPY_PHASE_STRIP = NO;
				DEBUG_INFORMATION_FORMAT = "dwarf-with-dsym";
				ENABLE_NS_ASSERTIONS = NO;
				ENABLE_STRICT_OBJC_MSGSEND = YES;
				GCC_C_LANGUAGE_STANDARD = gnu11;
				GCC_NO_COMMON_BLOCKS = YES;
				GCC_WARN_64_TO_32_BIT_CONVERSION = YES;
				GCC_WARN_ABOUT_RETURN_TYPE = YES_ERROR;
				GCC_WARN_UNDECLARED_SELECTOR = YES;
				GCC_WARN_UNINITIALIZED_AUTOS = YES_AGGRESSIVE;
				GCC_WARN_UNUSED_FUNCTION = YES;
				GCC_WARN_UNUSED_VARIABLE = YES;
				IPHONEOS_DEPLOYMENT_TARGET = 11.0;
				MTL_ENABLE_DEBUG_INFO = NO;
				SDKROOT = iphoneos;
				SWIFT_OPTIMIZATION_LEVEL = "-Owholemodule";
				VALIDATE_PRODUCT = YES;
			};
			name = Release;
		};
		C64EFD6D1F979DA0003649EE /* Debug */ = {
			isa = XCBuildConfiguration;
			baseConfigurationReference = ADA74BC4989B284FD4C5C375 /* Pods-PasswordlessLoginExample.debug.xcconfig */;
			buildSettings = {
				ASSETCATALOG_COMPILER_APPICON_NAME = AppIcon;
				CODE_SIGN_STYLE = Automatic;
				DEVELOPMENT_TEAM = 3NA78F3F7G;
				INFOPLIST_FILE = PasswordlessLoginExample/Info.plist;
				LD_RUNPATH_SEARCH_PATHS = "$(inherited) @executable_path/Frameworks";
				PRODUCT_BUNDLE_IDENTIFIER = com.sean.PasswordlessLoginExample;
				PRODUCT_NAME = "$(TARGET_NAME)";
				SWIFT_VERSION = 4.0;
				TARGETED_DEVICE_FAMILY = "1,2";
			};
			name = Debug;
		};
		C64EFD6E1F979DA0003649EE /* Release */ = {
			isa = XCBuildConfiguration;
			baseConfigurationReference = 956063B0B4383F077C68F64D /* Pods-PasswordlessLoginExample.release.xcconfig */;
			buildSettings = {
				ASSETCATALOG_COMPILER_APPICON_NAME = AppIcon;
				CODE_SIGN_STYLE = Automatic;
				DEVELOPMENT_TEAM = 3NA78F3F7G;
				INFOPLIST_FILE = PasswordlessLoginExample/Info.plist;
				LD_RUNPATH_SEARCH_PATHS = "$(inherited) @executable_path/Frameworks";
				PRODUCT_BUNDLE_IDENTIFIER = com.sean.PasswordlessLoginExample;
				PRODUCT_NAME = "$(TARGET_NAME)";
				SWIFT_VERSION = 4.0;
				TARGETED_DEVICE_FAMILY = "1,2";
			};
			name = Release;
		};
		C64EFD701F979DA0003649EE /* Debug */ = {
			isa = XCBuildConfiguration;
			buildSettings = {
				ALWAYS_EMBED_SWIFT_STANDARD_LIBRARIES = YES;
				BUNDLE_LOADER = "$(TEST_HOST)";
				CODE_SIGN_STYLE = Automatic;
				DEVELOPMENT_TEAM = 3NA78F3F7G;
				INFOPLIST_FILE = PasswordlessLoginExampleTests/Info.plist;
				LD_RUNPATH_SEARCH_PATHS = "$(inherited) @executable_path/Frameworks @loader_path/Frameworks";
				PRODUCT_BUNDLE_IDENTIFIER = com.sean.PasswordlessLoginExampleTests;
				PRODUCT_NAME = "$(TARGET_NAME)";
				SWIFT_VERSION = 4.0;
				TARGETED_DEVICE_FAMILY = "1,2";
				TEST_HOST = "$(BUILT_PRODUCTS_DIR)/PasswordlessLoginExample.app/PasswordlessLoginExample";
			};
			name = Debug;
		};
		C64EFD711F979DA0003649EE /* Release */ = {
			isa = XCBuildConfiguration;
			buildSettings = {
				ALWAYS_EMBED_SWIFT_STANDARD_LIBRARIES = YES;
				BUNDLE_LOADER = "$(TEST_HOST)";
				CODE_SIGN_STYLE = Automatic;
				DEVELOPMENT_TEAM = 3NA78F3F7G;
				INFOPLIST_FILE = PasswordlessLoginExampleTests/Info.plist;
				LD_RUNPATH_SEARCH_PATHS = "$(inherited) @executable_path/Frameworks @loader_path/Frameworks";
				PRODUCT_BUNDLE_IDENTIFIER = com.sean.PasswordlessLoginExampleTests;
				PRODUCT_NAME = "$(TARGET_NAME)";
				SWIFT_VERSION = 4.0;
				TARGETED_DEVICE_FAMILY = "1,2";
				TEST_HOST = "$(BUILT_PRODUCTS_DIR)/PasswordlessLoginExample.app/PasswordlessLoginExample";
			};
			name = Release;
		};
		C64EFD731F979DA0003649EE /* Debug */ = {
			isa = XCBuildConfiguration;
			buildSettings = {
				ALWAYS_EMBED_SWIFT_STANDARD_LIBRARIES = YES;
				CODE_SIGN_STYLE = Automatic;
				DEVELOPMENT_TEAM = 3NA78F3F7G;
				INFOPLIST_FILE = PasswordlessLoginExampleUITests/Info.plist;
				LD_RUNPATH_SEARCH_PATHS = "$(inherited) @executable_path/Frameworks @loader_path/Frameworks";
				PRODUCT_BUNDLE_IDENTIFIER = com.sean.PasswordlessLoginExampleUITests;
				PRODUCT_NAME = "$(TARGET_NAME)";
				SWIFT_VERSION = 4.0;
				TARGETED_DEVICE_FAMILY = "1,2";
				TEST_TARGET_NAME = PasswordlessLoginExample;
			};
			name = Debug;
		};
		C64EFD741F979DA0003649EE /* Release */ = {
			isa = XCBuildConfiguration;
			buildSettings = {
				ALWAYS_EMBED_SWIFT_STANDARD_LIBRARIES = YES;
				CODE_SIGN_STYLE = Automatic;
				DEVELOPMENT_TEAM = 3NA78F3F7G;
				INFOPLIST_FILE = PasswordlessLoginExampleUITests/Info.plist;
				LD_RUNPATH_SEARCH_PATHS = "$(inherited) @executable_path/Frameworks @loader_path/Frameworks";
				PRODUCT_BUNDLE_IDENTIFIER = com.sean.PasswordlessLoginExampleUITests;
				PRODUCT_NAME = "$(TARGET_NAME)";
				SWIFT_VERSION = 4.0;
				TARGETED_DEVICE_FAMILY = "1,2";
				TEST_TARGET_NAME = PasswordlessLoginExample;
			};
			name = Release;
		};
/* End XCBuildConfiguration section */

/* Begin XCConfigurationList section */
		C64EFD3C1F979DA0003649EE /* Build configuration list for PBXProject "PasswordlessLoginExample" */ = {
			isa = XCConfigurationList;
			buildConfigurations = (
				C64EFD6A1F979DA0003649EE /* Debug */,
				C64EFD6B1F979DA0003649EE /* Release */,
			);
			defaultConfigurationIsVisible = 0;
			defaultConfigurationName = Release;
		};
		C64EFD6C1F979DA0003649EE /* Build configuration list for PBXNativeTarget "PasswordlessLoginExample" */ = {
			isa = XCConfigurationList;
			buildConfigurations = (
				C64EFD6D1F979DA0003649EE /* Debug */,
				C64EFD6E1F979DA0003649EE /* Release */,
			);
			defaultConfigurationIsVisible = 0;
			defaultConfigurationName = Release;
		};
		C64EFD6F1F979DA0003649EE /* Build configuration list for PBXNativeTarget "PasswordlessLoginExampleTests" */ = {
			isa = XCConfigurationList;
			buildConfigurations = (
				C64EFD701F979DA0003649EE /* Debug */,
				C64EFD711F979DA0003649EE /* Release */,
			);
			defaultConfigurationIsVisible = 0;
			defaultConfigurationName = Release;
		};
		C64EFD721F979DA0003649EE /* Build configuration list for PBXNativeTarget "PasswordlessLoginExampleUITests" */ = {
			isa = XCConfigurationList;
			buildConfigurations = (
				C64EFD731F979DA0003649EE /* Debug */,
				C64EFD741F979DA0003649EE /* Release */,
			);
			defaultConfigurationIsVisible = 0;
			defaultConfigurationName = Release;
		};
/* End XCConfigurationList section */

/* Begin XCVersionGroup section */
		C64EFD4B1F979DA0003649EE /* PasswordlessLoginExample.xcdatamodeld */ = {
			isa = XCVersionGroup;
			children = (
				C64EFD4C1F979DA0003649EE /* PasswordlessLoginExample.xcdatamodel */,
			);
			currentVersion = C64EFD4C1F979DA0003649EE /* PasswordlessLoginExample.xcdatamodel */;
			path = PasswordlessLoginExample.xcdatamodeld;
			sourceTree = "<group>";
			versionGroupType = wrapper.xcdatamodel;
		};
/* End XCVersionGroup section */
	};
	rootObject = C64EFD391F979DA0003649EE /* Project object */;
}
